// !$*UTF8*$!
{
	archiveVersion = 1;
	classes = {
	};
	objectVersion = 50;
	objects = {

/* Begin PBXBuildFile section */
		68AE741C20E7D3700058CAB7 /* AppDelegate.swift in Sources */ = {isa = PBXBuildFile; fileRef = 68AE741B20E7D3700058CAB7 /* AppDelegate.swift */; };
		68AE741E20E7D3710058CAB7 /* ViewController.swift in Sources */ = {isa = PBXBuildFile; fileRef = 68AE741D20E7D3710058CAB7 /* ViewController.swift */; };
		68AE742120E7D3710058CAB7 /* Main.storyboard in Resources */ = {isa = PBXBuildFile; fileRef = 68AE741F20E7D3710058CAB7 /* Main.storyboard */; };
		68AE742320E7D3720058CAB7 /* Assets.xcassets in Resources */ = {isa = PBXBuildFile; fileRef = 68AE742220E7D3720058CAB7 /* Assets.xcassets */; };
		68AE742620E7D3720058CAB7 /* LaunchScreen.storyboard in Resources */ = {isa = PBXBuildFile; fileRef = 68AE742420E7D3720058CAB7 /* LaunchScreen.storyboard */; };
		68AE743120E7D3720058CAB7 /* clientHttpSamplePostTests.swift in Sources */ = {isa = PBXBuildFile; fileRef = 68AE743020E7D3720058CAB7 /* clientHttpSamplePostTests.swift */; };
		68AE743C20E7D3720058CAB7 /* clientHttpSamplePostUITests.swift in Sources */ = {isa = PBXBuildFile; fileRef = 68AE743B20E7D3720058CAB7 /* clientHttpSamplePostUITests.swift */; };
/* End PBXBuildFile section */

/* Begin PBXContainerItemProxy section */
		68AE742D20E7D3720058CAB7 /* PBXContainerItemProxy */ = {
			isa = PBXContainerItemProxy;
			containerPortal = 68AE741020E7D3700058CAB7 /* Project object */;
			proxyType = 1;
			remoteGlobalIDString = 68AE741720E7D3700058CAB7;
			remoteInfo = clientHttpSamplePost;
		};
		68AE743820E7D3720058CAB7 /* PBXContainerItemProxy */ = {
			isa = PBXContainerItemProxy;
			containerPortal = 68AE741020E7D3700058CAB7 /* Project object */;
			proxyType = 1;
			remoteGlobalIDString = 68AE741720E7D3700058CAB7;
			remoteInfo = clientHttpSamplePost;
		};
/* End PBXContainerItemProxy section */

/* Begin PBXFileReference section */
		68AE741820E7D3700058CAB7 /* clientHttpSamplePost.app */ = {isa = PBXFileReference; explicitFileType = wrapper.application; includeInIndex = 0; path = clientHttpSamplePost.app; sourceTree = BUILT_PRODUCTS_DIR; };
		68AE741B20E7D3700058CAB7 /* AppDelegate.swift */ = {isa = PBXFileReference; lastKnownFileType = sourcecode.swift; path = AppDelegate.swift; sourceTree = "<group>"; };
		68AE741D20E7D3710058CAB7 /* ViewController.swift */ = {isa = PBXFileReference; lastKnownFileType = sourcecode.swift; path = ViewController.swift; sourceTree = "<group>"; };
		68AE742020E7D3710058CAB7 /* Base */ = {isa = PBXFileReference; lastKnownFileType = file.storyboard; name = Base; path = Base.lproj/Main.storyboard; sourceTree = "<group>"; };
		68AE742220E7D3720058CAB7 /* Assets.xcassets */ = {isa = PBXFileReference; lastKnownFileType = folder.assetcatalog; path = Assets.xcassets; sourceTree = "<group>"; };
		68AE742520E7D3720058CAB7 /* Base */ = {isa = PBXFileReference; lastKnownFileType = file.storyboard; name = Base; path = Base.lproj/LaunchScreen.storyboard; sourceTree = "<group>"; };
		68AE742720E7D3720058CAB7 /* Info.plist */ = {isa = PBXFileReference; lastKnownFileType = text.plist.xml; path = Info.plist; sourceTree = "<group>"; };
		68AE742C20E7D3720058CAB7 /* clientHttpSamplePostTests.xctest */ = {isa = PBXFileReference; explicitFileType = wrapper.cfbundle; includeInIndex = 0; path = clientHttpSamplePostTests.xctest; sourceTree = BUILT_PRODUCTS_DIR; };
		68AE743020E7D3720058CAB7 /* clientHttpSamplePostTests.swift */ = {isa = PBXFileReference; lastKnownFileType = sourcecode.swift; path = clientHttpSamplePostTests.swift; sourceTree = "<group>"; };
		68AE743220E7D3720058CAB7 /* Info.plist */ = {isa = PBXFileReference; lastKnownFileType = text.plist.xml; path = Info.plist; sourceTree = "<group>"; };
		68AE743720E7D3720058CAB7 /* clientHttpSamplePostUITests.xctest */ = {isa = PBXFileReference; explicitFileType = wrapper.cfbundle; includeInIndex = 0; path = clientHttpSamplePostUITests.xctest; sourceTree = BUILT_PRODUCTS_DIR; };
		68AE743B20E7D3720058CAB7 /* clientHttpSamplePostUITests.swift */ = {isa = PBXFileReference; lastKnownFileType = sourcecode.swift; path = clientHttpSamplePostUITests.swift; sourceTree = "<group>"; };
		68AE743D20E7D3720058CAB7 /* Info.plist */ = {isa = PBXFileReference; lastKnownFileType = text.plist.xml; path = Info.plist; sourceTree = "<group>"; };
/* End PBXFileReference section */

/* Begin PBXFrameworksBuildPhase section */
		68AE741520E7D3700058CAB7 /* Frameworks */ = {
			isa = PBXFrameworksBuildPhase;
			buildActionMask = 2147483647;
			files = (
			);
			runOnlyForDeploymentPostprocessing = 0;
		};
		68AE742920E7D3720058CAB7 /* Frameworks */ = {
			isa = PBXFrameworksBuildPhase;
			buildActionMask = 2147483647;
			files = (
			);
			runOnlyForDeploymentPostprocessing = 0;
		};
		68AE743420E7D3720058CAB7 /* Frameworks */ = {
			isa = PBXFrameworksBuildPhase;
			buildActionMask = 2147483647;
			files = (
			);
			runOnlyForDeploymentPostprocessing = 0;
		};
/* End PBXFrameworksBuildPhase section */

/* Begin PBXGroup section */
		68AE740F20E7D3700058CAB7 = {
			isa = PBXGroup;
			children = (
				68AE741A20E7D3700058CAB7 /* clientHttpSamplePost */,
				68AE742F20E7D3720058CAB7 /* clientHttpSamplePostTests */,
				68AE743A20E7D3720058CAB7 /* clientHttpSamplePostUITests */,
				68AE741920E7D3700058CAB7 /* Products */,
			);
			sourceTree = "<group>";
		};
		68AE741920E7D3700058CAB7 /* Products */ = {
			isa = PBXGroup;
			children = (
				68AE741820E7D3700058CAB7 /* clientHttpSamplePost.app */,
				68AE742C20E7D3720058CAB7 /* clientHttpSamplePostTests.xctest */,
				68AE743720E7D3720058CAB7 /* clientHttpSamplePostUITests.xctest */,
			);
			name = Products;
			sourceTree = "<group>";
		};
		68AE741A20E7D3700058CAB7 /* clientHttpSamplePost */ = {
			isa = PBXGroup;
			children = (
				68AE741B20E7D3700058CAB7 /* AppDelegate.swift */,
				68AE741D20E7D3710058CAB7 /* ViewController.swift */,
				68AE741F20E7D3710058CAB7 /* Main.storyboard */,
				68AE742220E7D3720058CAB7 /* Assets.xcassets */,
				68AE742420E7D3720058CAB7 /* LaunchScreen.storyboard */,
				68AE742720E7D3720058CAB7 /* Info.plist */,
			);
			path = clientHttpSamplePost;
			sourceTree = "<group>";
		};
		68AE742F20E7D3720058CAB7 /* clientHttpSamplePostTests */ = {
			isa = PBXGroup;
			children = (
				68AE743020E7D3720058CAB7 /* clientHttpSamplePostTests.swift */,
				68AE743220E7D3720058CAB7 /* Info.plist */,
			);
			path = clientHttpSamplePostTests;
			sourceTree = "<group>";
		};
		68AE743A20E7D3720058CAB7 /* clientHttpSamplePostUITests */ = {
			isa = PBXGroup;
			children = (
				68AE743B20E7D3720058CAB7 /* clientHttpSamplePostUITests.swift */,
				68AE743D20E7D3720058CAB7 /* Info.plist */,
			);
			path = clientHttpSamplePostUITests;
			sourceTree = "<group>";
		};
/* End PBXGroup section */

/* Begin PBXNativeTarget section */
		68AE741720E7D3700058CAB7 /* clientHttpSamplePost */ = {
			isa = PBXNativeTarget;
			buildConfigurationList = 68AE744020E7D3720058CAB7 /* Build configuration list for PBXNativeTarget "clientHttpSamplePost" */;
			buildPhases = (
				68AE741420E7D3700058CAB7 /* Sources */,
				68AE741520E7D3700058CAB7 /* Frameworks */,
				68AE741620E7D3700058CAB7 /* Resources */,
			);
			buildRules = (
			);
			dependencies = (
			);
			name = clientHttpSamplePost;
			productName = clientHttpSamplePost;
			productReference = 68AE741820E7D3700058CAB7 /* clientHttpSamplePost.app */;
			productType = "com.apple.product-type.application";
		};
		68AE742B20E7D3720058CAB7 /* clientHttpSamplePostTests */ = {
			isa = PBXNativeTarget;
			buildConfigurationList = 68AE744320E7D3720058CAB7 /* Build configuration list for PBXNativeTarget "clientHttpSamplePostTests" */;
			buildPhases = (
				68AE742820E7D3720058CAB7 /* Sources */,
				68AE742920E7D3720058CAB7 /* Frameworks */,
				68AE742A20E7D3720058CAB7 /* Resources */,
			);
			buildRules = (
			);
			dependencies = (
				68AE742E20E7D3720058CAB7 /* PBXTargetDependency */,
			);
			name = clientHttpSamplePostTests;
			productName = clientHttpSamplePostTests;
			productReference = 68AE742C20E7D3720058CAB7 /* clientHttpSamplePostTests.xctest */;
			productType = "com.apple.product-type.bundle.unit-test";
		};
		68AE743620E7D3720058CAB7 /* clientHttpSamplePostUITests */ = {
			isa = PBXNativeTarget;
			buildConfigurationList = 68AE744620E7D3720058CAB7 /* Build configuration list for PBXNativeTarget "clientHttpSamplePostUITests" */;
			buildPhases = (
				68AE743320E7D3720058CAB7 /* Sources */,
				68AE743420E7D3720058CAB7 /* Frameworks */,
				68AE743520E7D3720058CAB7 /* Resources */,
			);
			buildRules = (
			);
			dependencies = (
				68AE743920E7D3720058CAB7 /* PBXTargetDependency */,
			);
			name = clientHttpSamplePostUITests;
			productName = clientHttpSamplePostUITests;
			productReference = 68AE743720E7D3720058CAB7 /* clientHttpSamplePostUITests.xctest */;
			productType = "com.apple.product-type.bundle.ui-testing";
		};
/* End PBXNativeTarget section */

/* Begin PBXProject section */
		68AE741020E7D3700058CAB7 /* Project object */ = {
			isa = PBXProject;
			attributes = {
				LastSwiftUpdateCheck = 0940;
				LastUpgradeCheck = 0940;
				ORGANIZATIONNAME = takahashi;
				TargetAttributes = {
					68AE741720E7D3700058CAB7 = {
						CreatedOnToolsVersion = 9.4.1;
					};
					68AE742B20E7D3720058CAB7 = {
						CreatedOnToolsVersion = 9.4.1;
						TestTargetID = 68AE741720E7D3700058CAB7;
					};
					68AE743620E7D3720058CAB7 = {
						CreatedOnToolsVersion = 9.4.1;
						TestTargetID = 68AE741720E7D3700058CAB7;
					};
				};
			};
			buildConfigurationList = 68AE741320E7D3700058CAB7 /* Build configuration list for PBXProject "clientHttpSamplePost" */;
			compatibilityVersion = "Xcode 9.3";
			developmentRegion = en;
			hasScannedForEncodings = 0;
			knownRegions = (
				en,
				Base,
			);
			mainGroup = 68AE740F20E7D3700058CAB7;
			productRefGroup = 68AE741920E7D3700058CAB7 /* Products */;
			projectDirPath = "";
			projectRoot = "";
			targets = (
				68AE741720E7D3700058CAB7 /* clientHttpSamplePost */,
				68AE742B20E7D3720058CAB7 /* clientHttpSamplePostTests */,
				68AE743620E7D3720058CAB7 /* clientHttpSamplePostUITests */,
			);
		};
/* End PBXProject section */

/* Begin PBXResourcesBuildPhase section */
		68AE741620E7D3700058CAB7 /* Resources */ = {
			isa = PBXResourcesBuildPhase;
			buildActionMask = 2147483647;
			files = (
				68AE742620E7D3720058CAB7 /* LaunchScreen.storyboard in Resources */,
				68AE742320E7D3720058CAB7 /* Assets.xcassets in Resources */,
				68AE742120E7D3710058CAB7 /* Main.storyboard in Resources */,
			);
			runOnlyForDeploymentPostprocessing = 0;
		};
		68AE742A20E7D3720058CAB7 /* Resources */ = {
			isa = PBXResourcesBuildPhase;
			buildActionMask = 2147483647;
			files = (
			);
			runOnlyForDeploymentPostprocessing = 0;
		};
		68AE743520E7D3720058CAB7 /* Resources */ = {
			isa = PBXResourcesBuildPhase;
			buildActionMask = 2147483647;
			files = (
			);
			runOnlyForDeploymentPostprocessing = 0;
		};
/* End PBXResourcesBuildPhase section */

/* Begin PBXSourcesBuildPhase section */
		68AE741420E7D3700058CAB7 /* Sources */ = {
			isa = PBXSourcesBuildPhase;
			buildActionMask = 2147483647;
			files = (
				68AE741E20E7D3710058CAB7 /* ViewController.swift in Sources */,
				68AE741C20E7D3700058CAB7 /* AppDelegate.swift in Sources */,
			);
			runOnlyForDeploymentPostprocessing = 0;
		};
		68AE742820E7D3720058CAB7 /* Sources */ = {
			isa = PBXSourcesBuildPhase;
			buildActionMask = 2147483647;
			files = (
				68AE743120E7D3720058CAB7 /* clientHttpSamplePostTests.swift in Sources */,
			);
			runOnlyForDeploymentPostprocessing = 0;
		};
		68AE743320E7D3720058CAB7 /* Sources */ = {
			isa = PBXSourcesBuildPhase;
			buildActionMask = 2147483647;
			files = (
				68AE743C20E7D3720058CAB7 /* clientHttpSamplePostUITests.swift in Sources */,
			);
			runOnlyForDeploymentPostprocessing = 0;
		};
/* End PBXSourcesBuildPhase section */

/* Begin PBXTargetDependency section */
		68AE742E20E7D3720058CAB7 /* PBXTargetDependency */ = {
			isa = PBXTargetDependency;
			target = 68AE741720E7D3700058CAB7 /* clientHttpSamplePost */;
			targetProxy = 68AE742D20E7D3720058CAB7 /* PBXContainerItemProxy */;
		};
		68AE743920E7D3720058CAB7 /* PBXTargetDependency */ = {
			isa = PBXTargetDependency;
			target = 68AE741720E7D3700058CAB7 /* clientHttpSamplePost */;
			targetProxy = 68AE743820E7D3720058CAB7 /* PBXContainerItemProxy */;
		};
/* End PBXTargetDependency section */

/* Begin PBXVariantGroup section */
		68AE741F20E7D3710058CAB7 /* Main.storyboard */ = {
			isa = PBXVariantGroup;
			children = (
				68AE742020E7D3710058CAB7 /* Base */,
			);
			name = Main.storyboard;
			sourceTree = "<group>";
		};
		68AE742420E7D3720058CAB7 /* LaunchScreen.storyboard */ = {
			isa = PBXVariantGroup;
			children = (
				68AE742520E7D3720058CAB7 /* Base */,
			);
			name = LaunchScreen.storyboard;
			sourceTree = "<group>";
		};
/* End PBXVariantGroup section */

/* Begin XCBuildConfiguration section */
		68AE743E20E7D3720058CAB7 /* Debug */ = {
			isa = XCBuildConfiguration;
			buildSettings = {
				ALWAYS_SEARCH_USER_PATHS = NO;
				CLANG_ANALYZER_NONNULL = YES;
				CLANG_ANALYZER_NUMBER_OBJECT_CONVERSION = YES_AGGRESSIVE;
				CLANG_CXX_LANGUAGE_STANDARD = "gnu++14";
				CLANG_CXX_LIBRARY = "libc++";
				CLANG_ENABLE_MODULES = YES;
				CLANG_ENABLE_OBJC_ARC = YES;
				CLANG_ENABLE_OBJC_WEAK = YES;
				CLANG_WARN_BLOCK_CAPTURE_AUTORELEASING = YES;
				CLANG_WARN_BOOL_CONVERSION = YES;
				CLANG_WARN_COMMA = YES;
				CLANG_WARN_CONSTANT_CONVERSION = YES;
				CLANG_WARN_DEPRECATED_OBJC_IMPLEMENTATIONS = YES;
				CLANG_WARN_DIRECT_OBJC_ISA_USAGE = YES_ERROR;
				CLANG_WARN_DOCUMENTATION_COMMENTS = YES;
				CLANG_WARN_EMPTY_BODY = YES;
				CLANG_WARN_ENUM_CONVERSION = YES;
				CLANG_WARN_INFINITE_RECURSION = YES;
				CLANG_WARN_INT_CONVERSION = YES;
				CLANG_WARN_NON_LITERAL_NULL_CONVERSION = YES;
				CLANG_WARN_OBJC_IMPLICIT_RETAIN_SELF = YES;
				CLANG_WARN_OBJC_LITERAL_CONVERSION = YES;
				CLANG_WARN_OBJC_ROOT_CLASS = YES_ERROR;
				CLANG_WARN_RANGE_LOOP_ANALYSIS = YES;
				CLANG_WARN_STRICT_PROTOTYPES = YES;
				CLANG_WARN_SUSPICIOUS_MOVE = YES;
				CLANG_WARN_UNGUARDED_AVAILABILITY = YES_AGGRESSIVE;
				CLANG_WARN_UNREACHABLE_CODE = YES;
				CLANG_WARN__DUPLICATE_METHOD_MATCH = YES;
				CODE_SIGN_IDENTITY = "iPhone Developer";
				COPY_PHASE_STRIP = NO;
				DEBUG_INFORMATION_FORMAT = dwarf;
				ENABLE_STRICT_OBJC_MSGSEND = YES;
				ENABLE_TESTABILITY = YES;
				GCC_C_LANGUAGE_STANDARD = gnu11;
				GCC_DYNAMIC_NO_PIC = NO;
				GCC_NO_COMMON_BLOCKS = YES;
				GCC_OPTIMIZATION_LEVEL = 0;
				GCC_PREPROCESSOR_DEFINITIONS = (
					"DEBUG=1",
					"$(inherited)",
				);
				GCC_WARN_64_TO_32_BIT_CONVERSION = YES;
				GCC_WARN_ABOUT_RETURN_TYPE = YES_ERROR;
				GCC_WARN_UNDECLARED_SELECTOR = YES;
				GCC_WARN_UNINITIALIZED_AUTOS = YES_AGGRESSIVE;
				GCC_WARN_UNUSED_FUNCTION = YES;
				GCC_WARN_UNUSED_VARIABLE = YES;
				IPHONEOS_DEPLOYMENT_TARGET = 11.4;
				MTL_ENABLE_DEBUG_INFO = YES;
				ONLY_ACTIVE_ARCH = YES;
				SDKROOT = iphoneos;
				SWIFT_ACTIVE_COMPILATION_CONDITIONS = DEBUG;
				SWIFT_OPTIMIZATION_LEVEL = "-Onone";
			};
			name = Debug;
		};
		68AE743F20E7D3720058CAB7 /* Release */ = {
			isa = XCBuildConfiguration;
			buildSettings = {
				ALWAYS_SEARCH_USER_PATHS = NO;
				CLANG_ANALYZER_NONNULL = YES;
				CLANG_ANALYZER_NUMBER_OBJECT_CONVERSION = YES_AGGRESSIVE;
				CLANG_CXX_LANGUAGE_STANDARD = "gnu++14";
				CLANG_CXX_LIBRARY = "libc++";
				CLANG_ENABLE_MODULES = YES;
				CLANG_ENABLE_OBJC_ARC = YES;
				CLANG_ENABLE_OBJC_WEAK = YES;
				CLANG_WARN_BLOCK_CAPTURE_AUTORELEASING = YES;
				CLANG_WARN_BOOL_CONVERSION = YES;
				CLANG_WARN_COMMA = YES;
				CLANG_WARN_CONSTANT_CONVERSION = YES;
				CLANG_WARN_DEPRECATED_OBJC_IMPLEMENTATIONS = YES;
				CLANG_WARN_DIRECT_OBJC_ISA_USAGE = YES_ERROR;
				CLANG_WARN_DOCUMENTATION_COMMENTS = YES;
				CLANG_WARN_EMPTY_BODY = YES;
				CLANG_WARN_ENUM_CONVERSION = YES;
				CLANG_WARN_INFINITE_RECURSION = YES;
				CLANG_WARN_INT_CONVERSION = YES;
				CLANG_WARN_NON_LITERAL_NULL_CONVERSION = YES;
				CLANG_WARN_OBJC_IMPLICIT_RETAIN_SELF = YES;
				CLANG_WARN_OBJC_LITERAL_CONVERSION = YES;
				CLANG_WARN_OBJC_ROOT_CLASS = YES_ERROR;
				CLANG_WARN_RANGE_LOOP_ANALYSIS = YES;
				CLANG_WARN_STRICT_PROTOTYPES = YES;
				CLANG_WARN_SUSPICIOUS_MOVE = YES;
				CLANG_WARN_UNGUARDED_AVAILABILITY = YES_AGGRESSIVE;
				CLANG_WARN_UNREACHABLE_CODE = YES;
				CLANG_WARN__DUPLICATE_METHOD_MATCH = YES;
				CODE_SIGN_IDENTITY = "iPhone Developer";
				COPY_PHASE_STRIP = NO;
				DEBUG_INFORMATION_FORMAT = "dwarf-with-dsym";
				ENABLE_NS_ASSERTIONS = NO;
				ENABLE_STRICT_OBJC_MSGSEND = YES;
				GCC_C_LANGUAGE_STANDARD = gnu11;
				GCC_NO_COMMON_BLOCKS = YES;
				GCC_WARN_64_TO_32_BIT_CONVERSION = YES;
				GCC_WARN_ABOUT_RETURN_TYPE = YES_ERROR;
				GCC_WARN_UNDECLARED_SELECTOR = YES;
				GCC_WARN_UNINITIALIZED_AUTOS = YES_AGGRESSIVE;
				GCC_WARN_UNUSED_FUNCTION = YES;
				GCC_WARN_UNUSED_VARIABLE = YES;
				IPHONEOS_DEPLOYMENT_TARGET = 11.4;
				MTL_ENABLE_DEBUG_INFO = NO;
				SDKROOT = iphoneos;
				SWIFT_COMPILATION_MODE = wholemodule;
				SWIFT_OPTIMIZATION_LEVEL = "-O";
				VALIDATE_PRODUCT = YES;
			};
			name = Release;
		};
		68AE744120E7D3720058CAB7 /* Debug */ = {
			isa = XCBuildConfiguration;
			buildSettings = {
				ASSETCATALOG_COMPILER_APPICON_NAME = AppIcon;
				CODE_SIGN_STYLE = Automatic;
				INFOPLIST_FILE = clientHttpSamplePost/Info.plist;
				LD_RUNPATH_SEARCH_PATHS = (
					"$(inherited)",
					"@executable_path/Frameworks",
				);
				PRODUCT_BUNDLE_IDENTIFIER = com.takahashi.clientHttpSamplePost;
				PRODUCT_NAME = "$(TARGET_NAME)";
				SWIFT_VERSION = 4.0;
				TARGETED_DEVICE_FAMILY = "1,2";
			};
			name = Debug;
		};
		68AE744220E7D3720058CAB7 /* Release */ = {
			isa = XCBuildConfiguration;
			buildSettings = {
				ASSETCATALOG_COMPILER_APPICON_NAME = AppIcon;
				CODE_SIGN_STYLE = Automatic;
				INFOPLIST_FILE = clientHttpSamplePost/Info.plist;
				LD_RUNPATH_SEARCH_PATHS = (
					"$(inherited)",
					"@executable_path/Frameworks",
				);
				PRODUCT_BUNDLE_IDENTIFIER = com.takahashi.clientHttpSamplePost;
				PRODUCT_NAME = "$(TARGET_NAME)";
				SWIFT_VERSION = 4.0;
				TARGETED_DEVICE_FAMILY = "1,2";
			};
			name = Release;
		};
		68AE744420E7D3720058CAB7 /* Debug */ = {
			isa = XCBuildConfiguration;
			buildSettings = {
				ALWAYS_EMBED_SWIFT_STANDARD_LIBRARIES = YES;
				BUNDLE_LOADER = "$(TEST_HOST)";
				CODE_SIGN_STYLE = Automatic;
				INFOPLIST_FILE = clientHttpSamplePostTests/Info.plist;
				LD_RUNPATH_SEARCH_PATHS = (
					"$(inherited)",
					"@executable_path/Frameworks",
					"@loader_path/Frameworks",
				);
				PRODUCT_BUNDLE_IDENTIFIER = com.takahashi.clientHttpSamplePostTests;
				PRODUCT_NAME = "$(TARGET_NAME)";
				SWIFT_VERSION = 4.0;
				TARGETED_DEVICE_FAMILY = "1,2";
				TEST_HOST = "$(BUILT_PRODUCTS_DIR)/clientHttpSamplePost.app/clientHttpSamplePost";
			};
			name = Debug;
		};
		68AE744520E7D3720058CAB7 /* Release */ = {
			isa = XCBuildConfiguration;
			buildSettings = {
				ALWAYS_EMBED_SWIFT_STANDARD_LIBRARIES = YES;
				BUNDLE_LOADER = "$(TEST_HOST)";
				CODE_SIGN_STYLE = Automatic;
				INFOPLIST_FILE = clientHttpSamplePostTests/Info.plist;
				LD_RUNPATH_SEARCH_PATHS = (
					"$(inherited)",
					"@executable_path/Frameworks",
					"@loader_path/Frameworks",
				);
				PRODUCT_BUNDLE_IDENTIFIER = com.takahashi.clientHttpSamplePostTests;
				PRODUCT_NAME = "$(TARGET_NAME)";
				SWIFT_VERSION = 4.0;
				TARGETED_DEVICE_FAMILY = "1,2";
				TEST_HOST = "$(BUILT_PRODUCTS_DIR)/clientHttpSamplePost.app/clientHttpSamplePost";
			};
			name = Release;
		};
		68AE744720E7D3720058CAB7 /* Debug */ = {
			isa = XCBuildConfiguration;
			buildSettings = {
				ALWAYS_EMBED_SWIFT_STANDARD_LIBRARIES = YES;
				CODE_SIGN_STYLE = Automatic;
				INFOPLIST_FILE = clientHttpSamplePostUITests/Info.plist;
				LD_RUNPATH_SEARCH_PATHS = (
					"$(inherited)",
					"@executable_path/Frameworks",
					"@loader_path/Frameworks",
				);
				PRODUCT_BUNDLE_IDENTIFIER = com.takahashi.clientHttpSamplePostUITests;
				PRODUCT_NAME = "$(TARGET_NAME)";
				SWIFT_VERSION = 4.0;
				TARGETED_DEVICE_FAMILY = "1,2";
				TEST_TARGET_NAME = clientHttpSamplePost;
			};
			name = Debug;
		};
		68AE744820E7D3720058CAB7 /* Release */ = {
			isa = XCBuildConfiguration;
			buildSettings = {
				ALWAYS_EMBED_SWIFT_STANDARD_LIBRARIES = YES;
				CODE_SIGN_STYLE = Automatic;
				INFOPLIST_FILE = clientHttpSamplePostUITests/Info.plist;
				LD_RUNPATH_SEARCH_PATHS = (
					"$(inherited)",
					"@executable_path/Frameworks",
					"@loader_path/Frameworks",
				);
				PRODUCT_BUNDLE_IDENTIFIER = com.takahashi.clientHttpSamplePostUITests;
				PRODUCT_NAME = "$(TARGET_NAME)";
				SWIFT_VERSION = 4.0;
				TARGETED_DEVICE_FAMILY = "1,2";
				TEST_TARGET_NAME = clientHttpSamplePost;
			};
			name = Release;
		};
/* End XCBuildConfiguration section */

/* Begin XCConfigurationList section */
		68AE741320E7D3700058CAB7 /* Build configuration list for PBXProject "clientHttpSamplePost" */ = {
			isa = XCConfigurationList;
			buildConfigurations = (
				68AE743E20E7D3720058CAB7 /* Debug */,
				68AE743F20E7D3720058CAB7 /* Release */,
			);
			defaultConfigurationIsVisible = 0;
			defaultConfigurationName = Release;
		};
		68AE744020E7D3720058CAB7 /* Build configuration list for PBXNativeTarget "clientHttpSamplePost" */ = {
			isa = XCConfigurationList;
			buildConfigurations = (
				68AE744120E7D3720058CAB7 /* Debug */,
				68AE744220E7D3720058CAB7 /* Release */,
			);
			defaultConfigurationIsVisible = 0;
			defaultConfigurationName = Release;
		};
		68AE744320E7D3720058CAB7 /* Build configuration list for PBXNativeTarget "clientHttpSamplePostTests" */ = {
			isa = XCConfigurationList;
			buildConfigurations = (
				68AE744420E7D3720058CAB7 /* Debug */,
				68AE744520E7D3720058CAB7 /* Release */,
			);
			defaultConfigurationIsVisible = 0;
			defaultConfigurationName = Release;
		};
		68AE744620E7D3720058CAB7 /* Build configuration list for PBXNativeTarget "clientHttpSamplePostUITests" */ = {
			isa = XCConfigurationList;
			buildConfigurations = (
				68AE744720E7D3720058CAB7 /* Debug */,
				68AE744820E7D3720058CAB7 /* Release */,
			);
			defaultConfigurationIsVisible = 0;
			defaultConfigurationName = Release;
		};
/* End XCConfigurationList section */
	};
	rootObject = 68AE741020E7D3700058CAB7 /* Project object */;
}
